
Microsoft Visual Studio Solution File, Format Version 12.00
# Visual Studio 15
VisualStudioVersion = 15.0.26730.16
MinimumVisualStudioVersion = 10.0.40219.1
Project("{FAE04EC0-301F-11D3-BF4B-00C04F79EFBC}") = "rectangle", "rectangle\rectangle.csproj", "{378F89AE-A055-439C-90D1-CD1EC2309690}"
EndProject
Global
	GlobalSection(SolutionConfigurationPlatforms) = preSolution
		Debug|Any CPU = Debug|Any CPU
		Release|Any CPU = Release|Any CPU
	EndGlobalSection
	GlobalSection(ProjectConfigurationPlatforms) = postSolution
		{378F89AE-A055-439C-90D1-CD1EC2309690}.Debug|Any CPU.ActiveCfg = Debug|Any CPU
		{378F89AE-A055-439C-90D1-CD1EC2309690}.Debug|Any CPU.Build.0 = Debug|Any CPU
		{378F89AE-A055-439C-90D1-CD1EC2309690}.Release|Any CPU.ActiveCfg = Release|Any CPU
		{378F89AE-A055-439C-90D1-CD1EC2309690}.Release|Any CPU.Build.0 = Release|Any CPU
	EndGlobalSection
	GlobalSection(SolutionProperties) = preSolution
		HideSolutionNode = FALSE
	EndGlobalSection
	GlobalSection(ExtensibilityGlobals) = postSolution
		SolutionGuid = {FB84A0B6-DF0D-4A6E-BC81-3CAD12AB4C0B}
	EndGlobalSection
EndGlobal
